{
  "requires": true,
  "lockfileVersion": 1,
  "dependencies": {
    "@ibm/plex": {
      "version": "6.0.0",
      "resolved": "https://registry.npmjs.org/@ibm/plex/-/plex-6.0.0.tgz",
      "integrity": "sha512-KJv808kiPfyolO1fd2xHwhltHy2MlvpwRcGca+tOul+hbLf8r/Xx+8Xz5/KyKl/vvDJR8YXQCq09vGBAmrNDZw=="
    },
    "bootstrap-icons": {
      "version": "1.7.1",
      "resolved": "https://registry.npmjs.org/bootstrap-icons/-/bootstrap-icons-1.7.1.tgz",
      "integrity": "sha512-Hkuoo0qrWegA9cdzwS68YPSOLf7d42gqnMzT1tIy/SWvnxnI+Y5PFvK2qIbM/L7knH8SdC8FPgjA+bktzmGcAw=="
    }
  }
}
